
Microsoft Visual Studio Solution File, Format Version 12.00
# Visual Studio Version 16
VisualStudioVersion = 16.0.30717.126
MinimumVisualStudioVersion = 10.0.40219.1
Project("{FAE04EC0-301F-11D3-BF4B-00C04F79EFBC}") = "RS_API", "RS_API\RS_API.csproj", "{3599432B-0337-44A9-8D1B-48FDF90728EF}"
EndProject
Project("{FAE04EC0-301F-11D3-BF4B-00C04F79EFBC}") = "RS_API.Data", "RS_API.Data\RS_API.Data.csproj", "{B753BC92-7E7C-43A0-A55C-08936D41C1B6}"
EndProject
Global
	GlobalSection(SolutionConfigurationPlatforms) = preSolution
		Debug|Any CPU = Debug|Any CPU
		Release|Any CPU = Release|Any CPU
	EndGlobalSection
	GlobalSection(ProjectConfigurationPlatforms) = postSolution
		{3599432B-0337-44A9-8D1B-48FDF90728EF}.Debug|Any CPU.ActiveCfg = Debug|Any CPU
		{3599432B-0337-44A9-8D1B-48FDF90728EF}.Debug|Any CPU.Build.0 = Debug|Any CPU
		{3599432B-0337-44A9-8D1B-48FDF90728EF}.Release|Any CPU.ActiveCfg = Release|Any CPU
		{3599432B-0337-44A9-8D1B-48FDF90728EF}.Release|Any CPU.Build.0 = Release|Any CPU
		{B753BC92-7E7C-43A0-A55C-08936D41C1B6}.Debug|Any CPU.ActiveCfg = Debug|Any CPU
		{B753BC92-7E7C-43A0-A55C-08936D41C1B6}.Debug|Any CPU.Build.0 = Debug|Any CPU
		{B753BC92-7E7C-43A0-A55C-08936D41C1B6}.Release|Any CPU.ActiveCfg = Release|Any CPU
		{B753BC92-7E7C-43A0-A55C-08936D41C1B6}.Release|Any CPU.Build.0 = Release|Any CPU
	EndGlobalSection
	GlobalSection(SolutionProperties) = preSolution
		HideSolutionNode = FALSE
	EndGlobalSection
	GlobalSection(ExtensibilityGlobals) = postSolution
		SolutionGuid = {678C9FD3-B0AF-4624-A7A1-08076B2B4F17}
	EndGlobalSection
EndGlobal
